
Microsoft Visual Studio Solution File, Format Version 12.00
# Visual Studio Version 17
VisualStudioVersion = 17.11.35222.181
MinimumVisualStudioVersion = 10.0.40219.1
Project("{FAE04EC0-301F-11D3-BF4B-00C04F79EFBC}") = "LoginASP", "LoginASP\LoginASP.csproj", "{595BFF47-A426-4DD0-AEDE-3FA571B25DA1}"
EndProject
Global
	GlobalSection(SolutionConfigurationPlatforms) = preSolution
		Debug|Any CPU = Debug|Any CPU
		Release|Any CPU = Release|Any CPU
	EndGlobalSection
	GlobalSection(ProjectConfigurationPlatforms) = postSolution
		{595BFF47-A426-4DD0-AEDE-3FA571B25DA1}.Debug|Any CPU.ActiveCfg = Debug|Any CPU
		{595BFF47-A426-4DD0-AEDE-3FA571B25DA1}.Debug|Any CPU.Build.0 = Debug|Any CPU
		{595BFF47-A426-4DD0-AEDE-3FA571B25DA1}.Release|Any CPU.ActiveCfg = Release|Any CPU
		{595BFF47-A426-4DD0-AEDE-3FA571B25DA1}.Release|Any CPU.Build.0 = Release|Any CPU
	EndGlobalSection
	GlobalSection(SolutionProperties) = preSolution
		HideSolutionNode = FALSE
	EndGlobalSection
	GlobalSection(ExtensibilityGlobals) = postSolution
		SolutionGuid = {90DEE5E2-43BD-48B4-B7FE-C4E218086B7B}
	EndGlobalSection
EndGlobal
